
Microsoft Visual Studio Solution File, Format Version 12.00
# Visual Studio Version 17
VisualStudioVersion = 17.7.34221.43
MinimumVisualStudioVersion = 10.0.40219.1
Project("{FAE04EC0-301F-11D3-BF4B-00C04F79EFBC}") = "understandingArrays", "understandingArrays.csproj", "{E2AF8037-D406-42BB-9007-4F54F7615BC4}"
EndProject
Global
	GlobalSection(SolutionConfigurationPlatforms) = preSolution
		Debug|Any CPU = Debug|Any CPU
		Release|Any CPU = Release|Any CPU
	EndGlobalSection
	GlobalSection(ProjectConfigurationPlatforms) = postSolution
		{E2AF8037-D406-42BB-9007-4F54F7615BC4}.Debug|Any CPU.ActiveCfg = Debug|Any CPU
		{E2AF8037-D406-42BB-9007-4F54F7615BC4}.Debug|Any CPU.Build.0 = Debug|Any CPU
		{E2AF8037-D406-42BB-9007-4F54F7615BC4}.Release|Any CPU.ActiveCfg = Release|Any CPU
		{E2AF8037-D406-42BB-9007-4F54F7615BC4}.Release|Any CPU.Build.0 = Release|Any CPU
	EndGlobalSection
	GlobalSection(SolutionProperties) = preSolution
		HideSolutionNode = FALSE
	EndGlobalSection
	GlobalSection(ExtensibilityGlobals) = postSolution
		SolutionGuid = {E9BFD01C-5F18-4D7B-BFFB-24D033FAB80B}
	EndGlobalSection
EndGlobal
