
Microsoft Visual Studio Solution File, Format Version 12.00
# Visual Studio Version 17
VisualStudioVersion = 17.7.34221.43
MinimumVisualStudioVersion = 10.0.40219.1
Project("{FAE04EC0-301F-11D3-BF4B-00C04F79EFBC}") = "ForIteration", "ForIteration.csproj", "{89FE053A-C1D0-4DBC-BCC6-3D6C332F8BF5}"
EndProject
Global
	GlobalSection(SolutionConfigurationPlatforms) = preSolution
		Debug|Any CPU = Debug|Any CPU
		Release|Any CPU = Release|Any CPU
	EndGlobalSection
	GlobalSection(ProjectConfigurationPlatforms) = postSolution
		{89FE053A-C1D0-4DBC-BCC6-3D6C332F8BF5}.Debug|Any CPU.ActiveCfg = Debug|Any CPU
		{89FE053A-C1D0-4DBC-BCC6-3D6C332F8BF5}.Debug|Any CPU.Build.0 = Debug|Any CPU
		{89FE053A-C1D0-4DBC-BCC6-3D6C332F8BF5}.Release|Any CPU.ActiveCfg = Release|Any CPU
		{89FE053A-C1D0-4DBC-BCC6-3D6C332F8BF5}.Release|Any CPU.Build.0 = Release|Any CPU
	EndGlobalSection
	GlobalSection(SolutionProperties) = preSolution
		HideSolutionNode = FALSE
	EndGlobalSection
	GlobalSection(ExtensibilityGlobals) = postSolution
		SolutionGuid = {BCF82377-4019-4316-B1C2-72E7FEF4D45D}
	EndGlobalSection
EndGlobal
