
Microsoft Visual Studio Solution File, Format Version 12.00
# Visual Studio Version 17
VisualStudioVersion = 17.7.34221.43
MinimumVisualStudioVersion = 10.0.40219.1
Project("{FAE04EC0-301F-11D3-BF4B-00C04F79EFBC}") = "Variables", "Variables.csproj", "{4E0EA222-4D92-4DED-BD5C-8FA7E79824CB}"
EndProject
Global
	GlobalSection(SolutionConfigurationPlatforms) = preSolution
		Debug|Any CPU = Debug|Any CPU
		Release|Any CPU = Release|Any CPU
	EndGlobalSection
	GlobalSection(ProjectConfigurationPlatforms) = postSolution
		{4E0EA222-4D92-4DED-BD5C-8FA7E79824CB}.Debug|Any CPU.ActiveCfg = Debug|Any CPU
		{4E0EA222-4D92-4DED-BD5C-8FA7E79824CB}.Debug|Any CPU.Build.0 = Debug|Any CPU
		{4E0EA222-4D92-4DED-BD5C-8FA7E79824CB}.Release|Any CPU.ActiveCfg = Release|Any CPU
		{4E0EA222-4D92-4DED-BD5C-8FA7E79824CB}.Release|Any CPU.Build.0 = Release|Any CPU
	EndGlobalSection
	GlobalSection(SolutionProperties) = preSolution
		HideSolutionNode = FALSE
	EndGlobalSection
	GlobalSection(ExtensibilityGlobals) = postSolution
		SolutionGuid = {9EEC0BE5-3AE1-4F14-A965-56B4ED563DF4}
	EndGlobalSection
EndGlobal
